
Microsoft Visual Studio Solution File, Format Version 12.00
# Visual Studio 2013
VisualStudioVersion = 12.0.21005.1
MinimumVisualStudioVersion = 10.0.40219.1
Project("{8BC9CEB8-8B4A-11D0-8D11-00A0C91BC942}") = "11_11_2", "11_11_2\11_11_2.vcxproj", "{88B3889D-6DD3-43B9-9DC8-3F09398BFD3C}"
EndProject
Global
	GlobalSection(SolutionConfigurationPlatforms) = preSolution
		Debug|Win32 = Debug|Win32
		Release|Win32 = Release|Win32
	EndGlobalSection
	GlobalSection(ProjectConfigurationPlatforms) = postSolution
		{88B3889D-6DD3-43B9-9DC8-3F09398BFD3C}.Debug|Win32.ActiveCfg = Debug|Win32
		{88B3889D-6DD3-43B9-9DC8-3F09398BFD3C}.Debug|Win32.Build.0 = Debug|Win32
		{88B3889D-6DD3-43B9-9DC8-3F09398BFD3C}.Release|Win32.ActiveCfg = Release|Win32
		{88B3889D-6DD3-43B9-9DC8-3F09398BFD3C}.Release|Win32.Build.0 = Release|Win32
	EndGlobalSection
	GlobalSection(SolutionProperties) = preSolution
		HideSolutionNode = FALSE
	EndGlobalSection
EndGlobal
